{
  "name": "deployment",
  "requires": true,
  "lockfileVersion": 1,
  "dependencies": {
    "@rtsao/scc": {
      "version": "1.0.0",
      "resolved": "https://registry.npmjs.org/@rtsao/scc/-/scc-1.0.0.tgz",
      "integrity": "sha512-1t/+dgDJpAdqURTl+YIlv9vV4mBakOAgW/TrZpqIRSQoOH7yQxDzkIUJIjFVEIh79UCDCsEjcwU+1Kn/xusp4g=="
    },
    "publisher-core": {
      "version": "0.0.0-alpha.1",
      "resolved": "https://registry.npmjs.org/publisher-core/-/publisher-core-0.0.0-alpha.1.tgz",
      "integrity": "sha512-kp2gJB0WV9R4dEOLAijBKyGkH53RTcuuVLCTUz/dVYnHnG0n+Qdlr5BXccSc/UuXJNJH/XbpVuJVq6tseTGTdQ=="
    },
    "publisher-deployment-handler": {
      "version": "0.0.0-alpha.1",
      "resolved": "https://registry.npmjs.org/publisher-deployment-handler/-/publisher-deployment-handler-0.0.0-alpha.1.tgz",
      "integrity": "sha512-dnwOcpxGndRqND1TzCvcQfzaXruTv83ELGjetbd14lgS4c+OKbDyBlE7hEscw1jps9T8BDCHl80Gd9OFP/RuMA==",
      "requires": {
        "@rtsao/scc": "^1.0.0",
        "publisher-core": "0.0.0-alpha.1",
        "publisher-npm-helpers": "0.0.0-alpha.1",
        "publisher-yarn-helpers": "0.0.0-alpha.1"
      }
    },
    "publisher-npm-helpers": {
      "version": "0.0.0-alpha.1",
      "resolved": "https://registry.npmjs.org/publisher-npm-helpers/-/publisher-npm-helpers-0.0.0-alpha.1.tgz",
      "integrity": "sha512-OLjgHXmWcvbqM9panPPc2PNHdmBsLTVf05Kc9UdX6Mc8SLuTtQeeNFRhXDDe3ksYHGY4GPZ2BML7NcRs6VTE1Q=="
    },
    "publisher-yarn-helpers": {
      "version": "0.0.0-alpha.1",
      "resolved": "https://registry.npmjs.org/publisher-yarn-helpers/-/publisher-yarn-helpers-0.0.0-alpha.1.tgz",
      "integrity": "sha512-h/v7GkPLM86T0VU7ApbplJXGZ+ocj6rYnAxms74qVfTWCi/cYPQ2fU0v0CCyJXMmKcIPaEOaaAIaYMc5s3Uz6g=="
    }
  }
}
