{
  "name": "push",
  "requires": true,
  "lockfileVersion": 1,
  "dependencies": {
    "publisher-core": {
      "version": "0.0.0-alpha.0",
      "resolved": "https://registry.npmjs.org/publisher-core/-/publisher-core-0.0.0-alpha.0.tgz",
      "integrity": "sha512-wAerlvoUOKa076DFiB9K8u2Kfy5Dlhyrss6IJKx/6IQ9NQLbi12qzELZc1M5MV9+MW60/p6jSyrg5S35IosW+Q=="
    },
    "publisher-npm-helpers": {
      "version": "0.0.0-alpha.0",
      "resolved": "https://registry.npmjs.org/publisher-npm-helpers/-/publisher-npm-helpers-0.0.0-alpha.0.tgz",
      "integrity": "sha512-W1SKbzi24NnnjtXv8SMv8P8k2NJMgjbPvciOOA3NmkrQhQ5na7x9tlbwDNoTgaUC6p3KBQubQ4rU8ayO3ulxAw=="
    },
    "publisher-push-handler": {
      "version": "0.0.0-alpha.0",
      "resolved": "https://registry.npmjs.org/publisher-push-handler/-/publisher-push-handler-0.0.0-alpha.0.tgz",
      "integrity": "sha512-3+xkgS6DOaEgu53dEFSeTD2AZiFS3iYLEaB7xQT5X1exW74MEPXsXFKi/3nVHv9KCZrb2HPoNcb0Bl4yQChwPw==",
      "requires": {
        "publisher-core": "0.0.0-alpha.0",
        "publisher-npm-helpers": "0.0.0-alpha.0",
        "publisher-yarn-helpers": "0.0.0-alpha.0"
      }
    },
    "publisher-yarn-helpers": {
      "version": "0.0.0-alpha.0",
      "resolved": "https://registry.npmjs.org/publisher-yarn-helpers/-/publisher-yarn-helpers-0.0.0-alpha.0.tgz",
      "integrity": "sha512-WE+oVAJEmo5r2/R1n7CQae2LzaWodWIPeHm9Z8/QqgoGg8em1zEY3baW8Il0qwumtuRRRCRN9oSGUjnMCRVPSQ=="
    }
  }
}
