{
  "name": "push",
  "requires": true,
  "lockfileVersion": 1,
  "dependencies": {
    "publisher-core": {
      "version": "0.0.0-alpha.1",
      "resolved": "https://registry.npmjs.org/publisher-core/-/publisher-core-0.0.0-alpha.1.tgz",
      "integrity": "sha512-kp2gJB0WV9R4dEOLAijBKyGkH53RTcuuVLCTUz/dVYnHnG0n+Qdlr5BXccSc/UuXJNJH/XbpVuJVq6tseTGTdQ=="
    },
    "publisher-npm-helpers": {
      "version": "0.0.0-alpha.1",
      "resolved": "https://registry.npmjs.org/publisher-npm-helpers/-/publisher-npm-helpers-0.0.0-alpha.1.tgz",
      "integrity": "sha512-OLjgHXmWcvbqM9panPPc2PNHdmBsLTVf05Kc9UdX6Mc8SLuTtQeeNFRhXDDe3ksYHGY4GPZ2BML7NcRs6VTE1Q=="
    },
    "publisher-push-handler": {
      "version": "0.0.0-alpha.1",
      "resolved": "https://registry.npmjs.org/publisher-push-handler/-/publisher-push-handler-0.0.0-alpha.1.tgz",
      "integrity": "sha512-q5h0sfkU3FOyxfCcaKDeQVQV0tfJFyIs6E3w9Ba9Qe3ueDl2Fdj/7qVFy6UG9vLe/oChIBI2a07ihz6j4l1rxQ==",
      "requires": {
        "publisher-core": "0.0.0-alpha.1",
        "publisher-npm-helpers": "0.0.0-alpha.1",
        "publisher-yarn-helpers": "0.0.0-alpha.1"
      }
    },
    "publisher-yarn-helpers": {
      "version": "0.0.0-alpha.1",
      "resolved": "https://registry.npmjs.org/publisher-yarn-helpers/-/publisher-yarn-helpers-0.0.0-alpha.1.tgz",
      "integrity": "sha512-h/v7GkPLM86T0VU7ApbplJXGZ+ocj6rYnAxms74qVfTWCi/cYPQ2fU0v0CCyJXMmKcIPaEOaaAIaYMc5s3Uz6g=="
    }
  }
}
